{
  "name": "@tu/simple-assign",
  "version": "1.0.0",
  "lockfileVersion": 1,
  "requires": true,
  "dependencies": {
    "data.is": {
      "version": "1.0.0",
      "resolved": "https://registry.npmjs.org/data.is/-/data.is-1.0.0.tgz",
      "integrity": "sha512-b1QLKT19wlxITzBMH564dzXtJeQpgSRaSNlXSHEqXmc0vcQCvm2h0SbMtmAxVBY8TsKMaWMXNxzaEQ0ybcIXCA=="
    }
  }
}
